
Microsoft Visual Studio Solution File, Format Version 12.00
Project("{FAE04EC0-301F-11D3-BF4B-00C04F79EFBC}") = "Sandbox.ConsoleApp", "Sandbox.ConsoleApp\Sandbox.ConsoleApp.csproj", "{FCABF41A-5F0D-4B5E-AD76-F38A2C1E1EFC}"
EndProject
Project("{2150E333-8FDC-42A3-9474-1A3956D46DE8}") = "Sandbox", "Sandbox", "{3BB2D087-9718-421C-935C-17E92F79E0BC}"
EndProject
Project("{FAE04EC0-301F-11D3-BF4B-00C04F79EFBC}") = "Sandbox.WebAPI", "Sandbox.WebAPI\Sandbox.WebAPI.csproj", "{151EF668-27EB-4F53-8C02-FDCBC4C9AF03}"
EndProject
Global
	GlobalSection(SolutionConfigurationPlatforms) = preSolution
		Debug|Any CPU = Debug|Any CPU
		Release|Any CPU = Release|Any CPU
	EndGlobalSection
	GlobalSection(ProjectConfigurationPlatforms) = postSolution
		{FCABF41A-5F0D-4B5E-AD76-F38A2C1E1EFC}.Debug|Any CPU.ActiveCfg = Debug|Any CPU
		{FCABF41A-5F0D-4B5E-AD76-F38A2C1E1EFC}.Debug|Any CPU.Build.0 = Debug|Any CPU
		{FCABF41A-5F0D-4B5E-AD76-F38A2C1E1EFC}.Release|Any CPU.ActiveCfg = Release|Any CPU
		{FCABF41A-5F0D-4B5E-AD76-F38A2C1E1EFC}.Release|Any CPU.Build.0 = Release|Any CPU
		{151EF668-27EB-4F53-8C02-FDCBC4C9AF03}.Debug|Any CPU.ActiveCfg = Debug|Any CPU
		{151EF668-27EB-4F53-8C02-FDCBC4C9AF03}.Debug|Any CPU.Build.0 = Debug|Any CPU
		{151EF668-27EB-4F53-8C02-FDCBC4C9AF03}.Release|Any CPU.ActiveCfg = Release|Any CPU
		{151EF668-27EB-4F53-8C02-FDCBC4C9AF03}.Release|Any CPU.Build.0 = Release|Any CPU
	EndGlobalSection
	GlobalSection(NestedProjects) = preSolution
		{FCABF41A-5F0D-4B5E-AD76-F38A2C1E1EFC} = {3BB2D087-9718-421C-935C-17E92F79E0BC}
		{151EF668-27EB-4F53-8C02-FDCBC4C9AF03} = {3BB2D087-9718-421C-935C-17E92F79E0BC}
	EndGlobalSection
EndGlobal
